
Microsoft Visual Studio Solution File, Format Version 12.00
# Visual Studio Version 17
VisualStudioVersion = 17.8.34330.188
MinimumVisualStudioVersion = 10.0.40219.1
Project("{FAE04EC0-301F-11D3-BF4B-00C04F79EFBC}") = "apex_installer", "src\apex_installer.csproj", "{2A32BC27-C563-4D64-8DAE-93A25D377607}"
EndProject
Global
	GlobalSection(SolutionConfigurationPlatforms) = preSolution
		Debug|Any CPU = Debug|Any CPU
		Release|Any CPU = Release|Any CPU
	EndGlobalSection
	GlobalSection(ProjectConfigurationPlatforms) = postSolution
		{2A32BC27-C563-4D64-8DAE-93A25D377607}.Debug|Any CPU.ActiveCfg = Debug|Any CPU
		{2A32BC27-C563-4D64-8DAE-93A25D377607}.Debug|Any CPU.Build.0 = Debug|Any CPU
		{2A32BC27-C563-4D64-8DAE-93A25D377607}.Release|Any CPU.ActiveCfg = Release|Any CPU
		{2A32BC27-C563-4D64-8DAE-93A25D377607}.Release|Any CPU.Build.0 = Release|Any CPU
	EndGlobalSection
	GlobalSection(SolutionProperties) = preSolution
		HideSolutionNode = FALSE
	EndGlobalSection
	GlobalSection(ExtensibilityGlobals) = postSolution
		SolutionGuid = {029CE186-7F5F-47F4-A6E2-438FA38DCD35}
	EndGlobalSection
EndGlobal
